
Microsoft Visual Studio Solution File, Format Version 12.00
# Visual Studio 15
VisualStudioVersion = 15.0.26124.0
MinimumVisualStudioVersion = 15.0.26124.0
Project("{FAE04EC0-301F-11D3-BF4B-00C04F79EFBC}") = "AnemicDomainModel", "AnemicDomainModel\AnemicDomainModel.csproj", "{1B940194-2532-4B7E-812C-1866E0628A4B}"
EndProject
Project("{FAE04EC0-301F-11D3-BF4B-00C04F79EFBC}") = "AnemicDomainModel.Tests", "AnemicDomainModel.Tests\AnemicDomainModel.Tests.csproj", "{222316D3-E30D-4F95-BDC5-86B6AC094384}"
EndProject
Project("{FAE04EC0-301F-11D3-BF4B-00C04F79EFBC}") = "RichDomainModel", "RichDomainModel\RichDomainModel.csproj", "{92B75C70-226B-4368-B775-E23E5BD8FD17}"
EndProject
Project("{FAE04EC0-301F-11D3-BF4B-00C04F79EFBC}") = "RichDomainModel.Tests", "RichDomainModel.Tests\RichDomainModel.Tests.csproj", "{E6BEC8B3-AB29-41DD-9988-BD26DD8265A0}"
EndProject
Global
	GlobalSection(SolutionConfigurationPlatforms) = preSolution
		Debug|Any CPU = Debug|Any CPU
		Debug|x64 = Debug|x64
		Debug|x86 = Debug|x86
		Release|Any CPU = Release|Any CPU
		Release|x64 = Release|x64
		Release|x86 = Release|x86
	EndGlobalSection
	GlobalSection(SolutionProperties) = preSolution
		HideSolutionNode = FALSE
	EndGlobalSection
	GlobalSection(ProjectConfigurationPlatforms) = postSolution
		{1B940194-2532-4B7E-812C-1866E0628A4B}.Debug|Any CPU.ActiveCfg = Debug|Any CPU
		{1B940194-2532-4B7E-812C-1866E0628A4B}.Debug|Any CPU.Build.0 = Debug|Any CPU
		{1B940194-2532-4B7E-812C-1866E0628A4B}.Debug|x64.ActiveCfg = Debug|Any CPU
		{1B940194-2532-4B7E-812C-1866E0628A4B}.Debug|x64.Build.0 = Debug|Any CPU
		{1B940194-2532-4B7E-812C-1866E0628A4B}.Debug|x86.ActiveCfg = Debug|Any CPU
		{1B940194-2532-4B7E-812C-1866E0628A4B}.Debug|x86.Build.0 = Debug|Any CPU
		{1B940194-2532-4B7E-812C-1866E0628A4B}.Release|Any CPU.ActiveCfg = Release|Any CPU
		{1B940194-2532-4B7E-812C-1866E0628A4B}.Release|Any CPU.Build.0 = Release|Any CPU
		{1B940194-2532-4B7E-812C-1866E0628A4B}.Release|x64.ActiveCfg = Release|Any CPU
		{1B940194-2532-4B7E-812C-1866E0628A4B}.Release|x64.Build.0 = Release|Any CPU
		{1B940194-2532-4B7E-812C-1866E0628A4B}.Release|x86.ActiveCfg = Release|Any CPU
		{1B940194-2532-4B7E-812C-1866E0628A4B}.Release|x86.Build.0 = Release|Any CPU
		{222316D3-E30D-4F95-BDC5-86B6AC094384}.Debug|Any CPU.ActiveCfg = Debug|Any CPU
		{222316D3-E30D-4F95-BDC5-86B6AC094384}.Debug|Any CPU.Build.0 = Debug|Any CPU
		{222316D3-E30D-4F95-BDC5-86B6AC094384}.Debug|x64.ActiveCfg = Debug|Any CPU
		{222316D3-E30D-4F95-BDC5-86B6AC094384}.Debug|x64.Build.0 = Debug|Any CPU
		{222316D3-E30D-4F95-BDC5-86B6AC094384}.Debug|x86.ActiveCfg = Debug|Any CPU
		{222316D3-E30D-4F95-BDC5-86B6AC094384}.Debug|x86.Build.0 = Debug|Any CPU
		{222316D3-E30D-4F95-BDC5-86B6AC094384}.Release|Any CPU.ActiveCfg = Release|Any CPU
		{222316D3-E30D-4F95-BDC5-86B6AC094384}.Release|Any CPU.Build.0 = Release|Any CPU
		{222316D3-E30D-4F95-BDC5-86B6AC094384}.Release|x64.ActiveCfg = Release|Any CPU
		{222316D3-E30D-4F95-BDC5-86B6AC094384}.Release|x64.Build.0 = Release|Any CPU
		{222316D3-E30D-4F95-BDC5-86B6AC094384}.Release|x86.ActiveCfg = Release|Any CPU
		{222316D3-E30D-4F95-BDC5-86B6AC094384}.Release|x86.Build.0 = Release|Any CPU
		{92B75C70-226B-4368-B775-E23E5BD8FD17}.Debug|Any CPU.ActiveCfg = Debug|Any CPU
		{92B75C70-226B-4368-B775-E23E5BD8FD17}.Debug|Any CPU.Build.0 = Debug|Any CPU
		{92B75C70-226B-4368-B775-E23E5BD8FD17}.Debug|x64.ActiveCfg = Debug|Any CPU
		{92B75C70-226B-4368-B775-E23E5BD8FD17}.Debug|x64.Build.0 = Debug|Any CPU
		{92B75C70-226B-4368-B775-E23E5BD8FD17}.Debug|x86.ActiveCfg = Debug|Any CPU
		{92B75C70-226B-4368-B775-E23E5BD8FD17}.Debug|x86.Build.0 = Debug|Any CPU
		{92B75C70-226B-4368-B775-E23E5BD8FD17}.Release|Any CPU.ActiveCfg = Release|Any CPU
		{92B75C70-226B-4368-B775-E23E5BD8FD17}.Release|Any CPU.Build.0 = Release|Any CPU
		{92B75C70-226B-4368-B775-E23E5BD8FD17}.Release|x64.ActiveCfg = Release|Any CPU
		{92B75C70-226B-4368-B775-E23E5BD8FD17}.Release|x64.Build.0 = Release|Any CPU
		{92B75C70-226B-4368-B775-E23E5BD8FD17}.Release|x86.ActiveCfg = Release|Any CPU
		{92B75C70-226B-4368-B775-E23E5BD8FD17}.Release|x86.Build.0 = Release|Any CPU
		{E6BEC8B3-AB29-41DD-9988-BD26DD8265A0}.Debug|Any CPU.ActiveCfg = Debug|Any CPU
		{E6BEC8B3-AB29-41DD-9988-BD26DD8265A0}.Debug|Any CPU.Build.0 = Debug|Any CPU
		{E6BEC8B3-AB29-41DD-9988-BD26DD8265A0}.Debug|x64.ActiveCfg = Debug|Any CPU
		{E6BEC8B3-AB29-41DD-9988-BD26DD8265A0}.Debug|x64.Build.0 = Debug|Any CPU
		{E6BEC8B3-AB29-41DD-9988-BD26DD8265A0}.Debug|x86.ActiveCfg = Debug|Any CPU
		{E6BEC8B3-AB29-41DD-9988-BD26DD8265A0}.Debug|x86.Build.0 = Debug|Any CPU
		{E6BEC8B3-AB29-41DD-9988-BD26DD8265A0}.Release|Any CPU.ActiveCfg = Release|Any CPU
		{E6BEC8B3-AB29-41DD-9988-BD26DD8265A0}.Release|Any CPU.Build.0 = Release|Any CPU
		{E6BEC8B3-AB29-41DD-9988-BD26DD8265A0}.Release|x64.ActiveCfg = Release|Any CPU
		{E6BEC8B3-AB29-41DD-9988-BD26DD8265A0}.Release|x64.Build.0 = Release|Any CPU
		{E6BEC8B3-AB29-41DD-9988-BD26DD8265A0}.Release|x86.ActiveCfg = Release|Any CPU
		{E6BEC8B3-AB29-41DD-9988-BD26DD8265A0}.Release|x86.Build.0 = Release|Any CPU
	EndGlobalSection
EndGlobal
